{
    "_readme": [
        "This file locks the dependencies of your project to a known state",
        "Read more about it at https://getcomposer.org/doc/01-basic-usage.md#installing-dependencies",
        "This file is @generated automatically"
    ],
    "content-hash": "0a02da8997bb2b56b0b77508901c1e30",
    "packages": [
        {
            "name": "marsapp/arrayhelper",
            "version": "0.1.0",
            "source": {
                "type": "git",
                "url": "https://github.com/marshung24/ArrayHelper.git",
                "reference": "46a04b5334d04a80da200bab98bd020608d1f990"
            },
            "dist": {
                "type": "zip",
                "url": "https://api.github.com/repos/marshung24/ArrayHelper/zipball/46a04b5334d04a80da200bab98bd020608d1f990",
                "reference": "46a04b5334d04a80da200bab98bd020608d1f990",
                "shasum": ""
            },
            "require-dev": {
                "marsapp/devtools": "*"
            },
            "type": "library",
            "autoload": {
                "psr-4": {
                    "marsapp\\helper\\myarray\\": "src",
                    "marsapp\\helper\\test\\myarray\\": "test"
                }
            },
            "notification-url": "https://packagist.org/downloads/",
            "license": [
                "MIT"
            ],
            "authors": [
                {
                    "name": "Mars Hung",
                    "email": "tfaredxj@gmail.com"
                }
            ],
            "description": "ArrayHelper liberary, providing functions such as rebuilding indexes, grouping, getting content, recursive difference sets, recursive sorting, etc.",
            "homepage": "https://github.com/marshung24/ArrayHelper",
            "time": "2019-03-27T16:25:43+00:00"
        }
    ],
    "packages-dev": [
        {
            "name": "marsapp/devtools",
            "version": "0.1.2",
            "source": {
                "type": "git",
                "url": "https://github.com/marshung24/DevTools.git",
                "reference": "15cfb0eaf34a75fbc6dbb19b76c11757adc0715d"
            },
            "dist": {
                "type": "zip",
                "url": "https://api.github.com/repos/marshung24/DevTools/zipball/15cfb0eaf34a75fbc6dbb19b76c11757adc0715d",
                "reference": "15cfb0eaf34a75fbc6dbb19b76c11757adc0715d",
                "shasum": ""
            },
            "type": "library",
            "autoload": {
                "psr-4": {
                    "marsapp\\dev\\tools\\": "src"
                }
            },
            "notification-url": "https://packagist.org/downloads/",
            "license": [
                "MIT"
            ],
            "authors": [
                {
                    "name": "Mars Hung",
                    "email": "tfaredxj@gmail.com"
                }
            ],
            "description": "Dev Tools",
            "homepage": "https://github.com/marshung24/DevTools",
            "time": "2019-03-28T15:18:10+00:00"
        }
    ],
    "aliases": [],
    "minimum-stability": "stable",
    "stability-flags": [],
    "prefer-stable": false,
    "prefer-lowest": false,
    "platform": [],
    "platform-dev": []
}
